{
  "name": "Bubbles",
  "lockfileVersion": 2,
  "requires": true,
  "packages": {
    "": {
      "dependencies": {
        "slider-pro": "^1.6.1"
      }
    },
    "node_modules/slider-pro": {
      "version": "1.6.1",
      "resolved": "https://registry.npmjs.org/slider-pro/-/slider-pro-1.6.1.tgz",
      "integrity": "sha512-Se2dKJswdI0/mbsN1jKZLLM8UsNz5f3KWVHiXtuk6m7oHo3ID6sh2HAySl0iMTH3qJzxhwJqV8QxV0/ClYbvKQ=="
    }
  },
  "dependencies": {
    "slider-pro": {
      "version": "1.6.1",
      "resolved": "https://registry.npmjs.org/slider-pro/-/slider-pro-1.6.1.tgz",
      "integrity": "sha512-Se2dKJswdI0/mbsN1jKZLLM8UsNz5f3KWVHiXtuk6m7oHo3ID6sh2HAySl0iMTH3qJzxhwJqV8QxV0/ClYbvKQ=="
    }
  }
}
